
Microsoft Visual Studio Solution File, Format Version 12.00
# Visual Studio Version 17
VisualStudioVersion = 17.9.34728.123
MinimumVisualStudioVersion = 10.0.40219.1
Project("{FAE04EC0-301F-11D3-BF4B-00C04F79EFBC}") = "Lab2-HttpClient", "Lab2-HttpClient\Lab2-HttpClient.csproj", "{9D012B55-5FBD-4AE5-9656-89A24C20D52A}"
EndProject
Global
	GlobalSection(SolutionConfigurationPlatforms) = preSolution
		Debug|Any CPU = Debug|Any CPU
		Release|Any CPU = Release|Any CPU
	EndGlobalSection
	GlobalSection(ProjectConfigurationPlatforms) = postSolution
		{9D012B55-5FBD-4AE5-9656-89A24C20D52A}.Debug|Any CPU.ActiveCfg = Debug|Any CPU
		{9D012B55-5FBD-4AE5-9656-89A24C20D52A}.Debug|Any CPU.Build.0 = Debug|Any CPU
		{9D012B55-5FBD-4AE5-9656-89A24C20D52A}.Release|Any CPU.ActiveCfg = Release|Any CPU
		{9D012B55-5FBD-4AE5-9656-89A24C20D52A}.Release|Any CPU.Build.0 = Release|Any CPU
	EndGlobalSection
	GlobalSection(SolutionProperties) = preSolution
		HideSolutionNode = FALSE
	EndGlobalSection
	GlobalSection(ExtensibilityGlobals) = postSolution
		SolutionGuid = {40A61DCE-53FB-4864-A672-2840DA169575}
	EndGlobalSection
EndGlobal
